
Microsoft Visual Studio Solution File, Format Version 12.00
# Visual Studio Version 17
VisualStudioVersion = 17.0.32014.148
MinimumVisualStudioVersion = 10.0.40219.1
Project("{FAE04EC0-301F-11D3-BF4B-00C04F79EFBC}") = "Syntax.Practice", "Syntax.Practice\Syntax.Practice.csproj", "{CFAA60CD-BB5E-4F19-A2C4-08B0354F20B4}"
EndProject
Project("{FAE04EC0-301F-11D3-BF4B-00C04F79EFBC}") = "FreelancerRefactor", "FreelancerRefactor\FreelancerRefactor.csproj", "{CF84B64C-3393-4380-BEAC-06FB0675C36D}"
EndProject
Project("{FAE04EC0-301F-11D3-BF4B-00C04F79EFBC}") = "CountingValleys", "CountingValleys\CountingValleys.csproj", "{AF0D8EB8-4F30-4279-A2C2-586F92CE59E7}"
EndProject
Project("{FAE04EC0-301F-11D3-BF4B-00C04F79EFBC}") = "DownloadFiles", "DownloadFiles\DownloadFiles.csproj", "{24B36A59-3C4A-4152-B804-E418ACA35248}"
EndProject
Project("{FAE04EC0-301F-11D3-BF4B-00C04F79EFBC}") = "Solid", "Solid\Solid.csproj", "{4F2FE74B-B616-4A24-86E4-FB0FFBFB42BE}"
EndProject
Project("{FAE04EC0-301F-11D3-BF4B-00C04F79EFBC}") = "DesignPattern", "DesignPattern\DesignPattern.csproj", "{7B10017E-6370-4B8E-BCA5-2EF7DFF6751A}"
EndProject
Project("{FAE04EC0-301F-11D3-BF4B-00C04F79EFBC}") = "WebAppPractice", "WebAppPractice\WebAppPractice.csproj", "{3B11D8F8-21E6-4046-8B48-72A6BA350AE3}"
EndProject
Project("{FAE04EC0-301F-11D3-BF4B-00C04F79EFBC}") = "WebApiPractice", "WebApiPractice\WebApiPractice.csproj", "{6DF393AD-CA63-4433-8B09-B0840203BA18}"
EndProject
Project("{FAE04EC0-301F-11D3-BF4B-00C04F79EFBC}") = "DataStructure", "DataStructure\DataStructure.csproj", "{652D1E42-9010-48E3-B7E0-E00CBA10677B}"
EndProject
Project("{FAE04EC0-301F-11D3-BF4B-00C04F79EFBC}") = "Hackerrank", "Hackerrank\Hackerrank.csproj", "{B8F7A1DE-EA07-4BBD-9278-E5087F96431B}"
EndProject
Global
	GlobalSection(SolutionConfigurationPlatforms) = preSolution
		Debug|Any CPU = Debug|Any CPU
		Release|Any CPU = Release|Any CPU
	EndGlobalSection
	GlobalSection(ProjectConfigurationPlatforms) = postSolution
		{CFAA60CD-BB5E-4F19-A2C4-08B0354F20B4}.Debug|Any CPU.ActiveCfg = Debug|Any CPU
		{CFAA60CD-BB5E-4F19-A2C4-08B0354F20B4}.Debug|Any CPU.Build.0 = Debug|Any CPU
		{CFAA60CD-BB5E-4F19-A2C4-08B0354F20B4}.Release|Any CPU.ActiveCfg = Release|Any CPU
		{CFAA60CD-BB5E-4F19-A2C4-08B0354F20B4}.Release|Any CPU.Build.0 = Release|Any CPU
		{CF84B64C-3393-4380-BEAC-06FB0675C36D}.Debug|Any CPU.ActiveCfg = Debug|Any CPU
		{CF84B64C-3393-4380-BEAC-06FB0675C36D}.Debug|Any CPU.Build.0 = Debug|Any CPU
		{CF84B64C-3393-4380-BEAC-06FB0675C36D}.Release|Any CPU.ActiveCfg = Release|Any CPU
		{CF84B64C-3393-4380-BEAC-06FB0675C36D}.Release|Any CPU.Build.0 = Release|Any CPU
		{AF0D8EB8-4F30-4279-A2C2-586F92CE59E7}.Debug|Any CPU.ActiveCfg = Debug|Any CPU
		{AF0D8EB8-4F30-4279-A2C2-586F92CE59E7}.Debug|Any CPU.Build.0 = Debug|Any CPU
		{AF0D8EB8-4F30-4279-A2C2-586F92CE59E7}.Release|Any CPU.ActiveCfg = Release|Any CPU
		{AF0D8EB8-4F30-4279-A2C2-586F92CE59E7}.Release|Any CPU.Build.0 = Release|Any CPU
		{24B36A59-3C4A-4152-B804-E418ACA35248}.Debug|Any CPU.ActiveCfg = Debug|Any CPU
		{24B36A59-3C4A-4152-B804-E418ACA35248}.Debug|Any CPU.Build.0 = Debug|Any CPU
		{24B36A59-3C4A-4152-B804-E418ACA35248}.Release|Any CPU.ActiveCfg = Release|Any CPU
		{24B36A59-3C4A-4152-B804-E418ACA35248}.Release|Any CPU.Build.0 = Release|Any CPU
		{4F2FE74B-B616-4A24-86E4-FB0FFBFB42BE}.Debug|Any CPU.ActiveCfg = Debug|Any CPU
		{4F2FE74B-B616-4A24-86E4-FB0FFBFB42BE}.Debug|Any CPU.Build.0 = Debug|Any CPU
		{4F2FE74B-B616-4A24-86E4-FB0FFBFB42BE}.Release|Any CPU.ActiveCfg = Release|Any CPU
		{4F2FE74B-B616-4A24-86E4-FB0FFBFB42BE}.Release|Any CPU.Build.0 = Release|Any CPU
		{7B10017E-6370-4B8E-BCA5-2EF7DFF6751A}.Debug|Any CPU.ActiveCfg = Debug|Any CPU
		{7B10017E-6370-4B8E-BCA5-2EF7DFF6751A}.Debug|Any CPU.Build.0 = Debug|Any CPU
		{7B10017E-6370-4B8E-BCA5-2EF7DFF6751A}.Release|Any CPU.ActiveCfg = Release|Any CPU
		{7B10017E-6370-4B8E-BCA5-2EF7DFF6751A}.Release|Any CPU.Build.0 = Release|Any CPU
		{3B11D8F8-21E6-4046-8B48-72A6BA350AE3}.Debug|Any CPU.ActiveCfg = Debug|Any CPU
		{3B11D8F8-21E6-4046-8B48-72A6BA350AE3}.Debug|Any CPU.Build.0 = Debug|Any CPU
		{3B11D8F8-21E6-4046-8B48-72A6BA350AE3}.Release|Any CPU.ActiveCfg = Release|Any CPU
		{3B11D8F8-21E6-4046-8B48-72A6BA350AE3}.Release|Any CPU.Build.0 = Release|Any CPU
		{6DF393AD-CA63-4433-8B09-B0840203BA18}.Debug|Any CPU.ActiveCfg = Debug|Any CPU
		{6DF393AD-CA63-4433-8B09-B0840203BA18}.Debug|Any CPU.Build.0 = Debug|Any CPU
		{6DF393AD-CA63-4433-8B09-B0840203BA18}.Release|Any CPU.ActiveCfg = Release|Any CPU
		{6DF393AD-CA63-4433-8B09-B0840203BA18}.Release|Any CPU.Build.0 = Release|Any CPU
		{652D1E42-9010-48E3-B7E0-E00CBA10677B}.Debug|Any CPU.ActiveCfg = Debug|Any CPU
		{652D1E42-9010-48E3-B7E0-E00CBA10677B}.Debug|Any CPU.Build.0 = Debug|Any CPU
		{652D1E42-9010-48E3-B7E0-E00CBA10677B}.Release|Any CPU.ActiveCfg = Release|Any CPU
		{652D1E42-9010-48E3-B7E0-E00CBA10677B}.Release|Any CPU.Build.0 = Release|Any CPU
		{B8F7A1DE-EA07-4BBD-9278-E5087F96431B}.Debug|Any CPU.ActiveCfg = Debug|Any CPU
		{B8F7A1DE-EA07-4BBD-9278-E5087F96431B}.Debug|Any CPU.Build.0 = Debug|Any CPU
		{B8F7A1DE-EA07-4BBD-9278-E5087F96431B}.Release|Any CPU.ActiveCfg = Release|Any CPU
		{B8F7A1DE-EA07-4BBD-9278-E5087F96431B}.Release|Any CPU.Build.0 = Release|Any CPU
	EndGlobalSection
	GlobalSection(SolutionProperties) = preSolution
		HideSolutionNode = FALSE
	EndGlobalSection
	GlobalSection(ExtensibilityGlobals) = postSolution
		SolutionGuid = {9AC7F8EB-4D0C-4D9F-BBDC-857E6204B97B}
	EndGlobalSection
EndGlobal
